// !$*UTF8*$!
{
	archiveVersion = 1;
	classes = {
	};
	objectVersion = 50;
	objects = {

/* Begin PBXBuildFile section */
		55360FE020F6F2DA002AFB6A /* hourglass.mlmodel in Sources */ = {isa = PBXBuildFile; fileRef = 55360FDF20F6F2DA002AFB6A /* hourglass.mlmodel */; };
		557F531320ED252100CFCCD7 /* AppDelegate.swift in Sources */ = {isa = PBXBuildFile; fileRef = 557F531220ED252100CFCCD7 /* AppDelegate.swift */; };
		557F531520ED252100CFCCD7 /* JointViewController.swift in Sources */ = {isa = PBXBuildFile; fileRef = 557F531420ED252100CFCCD7 /* JointViewController.swift */; };
		557F531820ED252100CFCCD7 /* Main.storyboard in Resources */ = {isa = PBXBuildFile; fileRef = 557F531620ED252100CFCCD7 /* Main.storyboard */; };
		557F531A20ED252400CFCCD7 /* Assets.xcassets in Resources */ = {isa = PBXBuildFile; fileRef = 557F531920ED252400CFCCD7 /* Assets.xcassets */; };
		557F531D20ED252400CFCCD7 /* LaunchScreen.storyboard in Resources */ = {isa = PBXBuildFile; fileRef = 557F531B20ED252400CFCCD7 /* LaunchScreen.storyboard */; };
		557F532720ED25B000CFCCD7 /* VideoCapture.swift in Sources */ = {isa = PBXBuildFile; fileRef = 557F532420ED25AF00CFCCD7 /* VideoCapture.swift */; };
		557F532820ED25B000CFCCD7 /* Measure.swift in Sources */ = {isa = PBXBuildFile; fileRef = 557F532520ED25AF00CFCCD7 /* Measure.swift */; };
		557F532920ED25B000CFCCD7 /* model_cpm.mlmodel in Sources */ = {isa = PBXBuildFile; fileRef = 557F532620ED25AF00CFCCD7 /* model_cpm.mlmodel */; };
		55AAFB1C21128863000B21A3 /* HeatmapViewController.swift in Sources */ = {isa = PBXBuildFile; fileRef = 55AAFB1B21128863000B21A3 /* HeatmapViewController.swift */; };
		55AAFB1E21128AB6000B21A3 /* HeatmapView.swift in Sources */ = {isa = PBXBuildFile; fileRef = 55AAFB1D21128AB6000B21A3 /* HeatmapView.swift */; };
		55BF1DA921041C4E008A2F5B /* mv2_cpm_model_8000.mlmodel in Sources */ = {isa = PBXBuildFile; fileRef = 55BF1DA821041C4E008A2F5B /* mv2_cpm_model_8000.mlmodel */; };
		55BF1DAB210425E3008A2F5B /* mv2_cpm_model_4000.mlmodel in Sources */ = {isa = PBXBuildFile; fileRef = 55BF1DAA210425E3008A2F5B /* mv2_cpm_model_4000.mlmodel */; };
		55BF1DAD210427E4008A2F5B /* mv2_cpm_model_6000.mlmodel in Sources */ = {isa = PBXBuildFile; fileRef = 55BF1DAC210427E4008A2F5B /* mv2_cpm_model_6000.mlmodel */; };
		55BF1DAF21042947008A2F5B /* mv2_cpm_model_8000_2.mlmodel in Sources */ = {isa = PBXBuildFile; fileRef = 55BF1DAE21042947008A2F5B /* mv2_cpm_model_8000_2.mlmodel */; };
		55BF1DB321043B42008A2F5B /* mv2_cpm_model_24000.mlmodel in Sources */ = {isa = PBXBuildFile; fileRef = 55BF1DB221043B42008A2F5B /* mv2_cpm_model_24000.mlmodel */; };
		55BF1DB5210469E8008A2F5B /* mv2_cpm_model_14000.mlmodel in Sources */ = {isa = PBXBuildFile; fileRef = 55BF1DB4210469E8008A2F5B /* mv2_cpm_model_14000.mlmodel */; };
		55BF1DB721049DA5008A2F5B /* mv2_cpm_model_36000.mlmodel in Sources */ = {isa = PBXBuildFile; fileRef = 55BF1DB621049DA5008A2F5B /* mv2_cpm_model_36000.mlmodel */; };
		55FEC38120FAB34200D3BFED /* PoseView.swift in Sources */ = {isa = PBXBuildFile; fileRef = 55FEC38020FAB34200D3BFED /* PoseView.swift */; };
/* End PBXBuildFile section */

/* Begin PBXFileReference section */
		55360FDF20F6F2DA002AFB6A /* hourglass.mlmodel */ = {isa = PBXFileReference; lastKnownFileType = file.mlmodel; path = hourglass.mlmodel; sourceTree = "<group>"; };
		557F530F20ED252100CFCCD7 /* PoseEstimation-CoreML.app */ = {isa = PBXFileReference; explicitFileType = wrapper.application; includeInIndex = 0; path = "PoseEstimation-CoreML.app"; sourceTree = BUILT_PRODUCTS_DIR; };
		557F531220ED252100CFCCD7 /* AppDelegate.swift */ = {isa = PBXFileReference; lastKnownFileType = sourcecode.swift; path = AppDelegate.swift; sourceTree = "<group>"; };
		557F531420ED252100CFCCD7 /* JointViewController.swift */ = {isa = PBXFileReference; lastKnownFileType = sourcecode.swift; path = JointViewController.swift; sourceTree = "<group>"; };
		557F531720ED252100CFCCD7 /* Base */ = {isa = PBXFileReference; lastKnownFileType = file.storyboard; name = Base; path = Base.lproj/Main.storyboard; sourceTree = "<group>"; };
		557F531920ED252400CFCCD7 /* Assets.xcassets */ = {isa = PBXFileReference; lastKnownFileType = folder.assetcatalog; path = Assets.xcassets; sourceTree = "<group>"; };
		557F531C20ED252400CFCCD7 /* Base */ = {isa = PBXFileReference; lastKnownFileType = file.storyboard; name = Base; path = Base.lproj/LaunchScreen.storyboard; sourceTree = "<group>"; };
		557F531E20ED252400CFCCD7 /* Info.plist */ = {isa = PBXFileReference; lastKnownFileType = text.plist.xml; path = Info.plist; sourceTree = "<group>"; };
		557F532420ED25AF00CFCCD7 /* VideoCapture.swift */ = {isa = PBXFileReference; fileEncoding = 4; lastKnownFileType = sourcecode.swift; path = VideoCapture.swift; sourceTree = "<group>"; };
		557F532520ED25AF00CFCCD7 /* Measure.swift */ = {isa = PBXFileReference; fileEncoding = 4; lastKnownFileType = sourcecode.swift; path = Measure.swift; sourceTree = "<group>"; };
		557F532620ED25AF00CFCCD7 /* model_cpm.mlmodel */ = {isa = PBXFileReference; lastKnownFileType = file.mlmodel; path = model_cpm.mlmodel; sourceTree = "<group>"; };
		55AAFB1B21128863000B21A3 /* HeatmapViewController.swift */ = {isa = PBXFileReference; lastKnownFileType = sourcecode.swift; path = HeatmapViewController.swift; sourceTree = "<group>"; };
		55AAFB1D21128AB6000B21A3 /* HeatmapView.swift */ = {isa = PBXFileReference; fileEncoding = 4; lastKnownFileType = sourcecode.swift; path = HeatmapView.swift; sourceTree = "<group>"; };
		55BF1DA821041C4E008A2F5B /* mv2_cpm_model_8000.mlmodel */ = {isa = PBXFileReference; lastKnownFileType = file.mlmodel; path = mv2_cpm_model_8000.mlmodel; sourceTree = "<group>"; };
		55BF1DAA210425E3008A2F5B /* mv2_cpm_model_4000.mlmodel */ = {isa = PBXFileReference; lastKnownFileType = file.mlmodel; path = mv2_cpm_model_4000.mlmodel; sourceTree = "<group>"; };
		55BF1DAC210427E4008A2F5B /* mv2_cpm_model_6000.mlmodel */ = {isa = PBXFileReference; lastKnownFileType = file.mlmodel; path = mv2_cpm_model_6000.mlmodel; sourceTree = "<group>"; };
		55BF1DAE21042947008A2F5B /* mv2_cpm_model_8000_2.mlmodel */ = {isa = PBXFileReference; lastKnownFileType = file.mlmodel; path = mv2_cpm_model_8000_2.mlmodel; sourceTree = "<group>"; };
		55BF1DB221043B42008A2F5B /* mv2_cpm_model_24000.mlmodel */ = {isa = PBXFileReference; lastKnownFileType = file.mlmodel; path = mv2_cpm_model_24000.mlmodel; sourceTree = "<group>"; };
		55BF1DB4210469E8008A2F5B /* mv2_cpm_model_14000.mlmodel */ = {isa = PBXFileReference; lastKnownFileType = file.mlmodel; name = mv2_cpm_model_14000.mlmodel; path = "../../../../../../Just-Point/models/mv2_cpm_mydataset7/models/mv2_cpm_batch-5_lr-0.001_gpus-1_224x224_experiments-mv2_cpm_mydataset/mlmodel/mv2_cpm_model_14000.mlmodel"; sourceTree = "<group>"; };
		55BF1DB621049DA5008A2F5B /* mv2_cpm_model_36000.mlmodel */ = {isa = PBXFileReference; lastKnownFileType = file.mlmodel; path = mv2_cpm_model_36000.mlmodel; sourceTree = "<group>"; };
		55FEC38020FAB34200D3BFED /* PoseView.swift */ = {isa = PBXFileReference; lastKnownFileType = sourcecode.swift; path = PoseView.swift; sourceTree = "<group>"; };
/* End PBXFileReference section */

/* Begin PBXFrameworksBuildPhase section */
		557F530C20ED252100CFCCD7 /* Frameworks */ = {
			isa = PBXFrameworksBuildPhase;
			buildActionMask = 2147483647;
			files = (
			);
			runOnlyForDeploymentPostprocessing = 0;
		};
/* End PBXFrameworksBuildPhase section */

/* Begin PBXGroup section */
		557F530620ED252100CFCCD7 = {
			isa = PBXGroup;
			children = (
				557F531120ED252100CFCCD7 /* PoseEstimation-CoreML */,
				557F531020ED252100CFCCD7 /* Products */,
			);
			sourceTree = "<group>";
		};
		557F531020ED252100CFCCD7 /* Products */ = {
			isa = PBXGroup;
			children = (
				557F530F20ED252100CFCCD7 /* PoseEstimation-CoreML.app */,
			);
			name = Products;
			sourceTree = "<group>";
		};
		557F531120ED252100CFCCD7 /* PoseEstimation-CoreML */ = {
			isa = PBXGroup;
			children = (
				557F532620ED25AF00CFCCD7 /* model_cpm.mlmodel */,
				55360FDF20F6F2DA002AFB6A /* hourglass.mlmodel */,
				55BF1DA821041C4E008A2F5B /* mv2_cpm_model_8000.mlmodel */,
				55BF1DAA210425E3008A2F5B /* mv2_cpm_model_4000.mlmodel */,
				55BF1DAC210427E4008A2F5B /* mv2_cpm_model_6000.mlmodel */,
				55BF1DAE21042947008A2F5B /* mv2_cpm_model_8000_2.mlmodel */,
				55BF1DB221043B42008A2F5B /* mv2_cpm_model_24000.mlmodel */,
				55BF1DB4210469E8008A2F5B /* mv2_cpm_model_14000.mlmodel */,
				55BF1DB621049DA5008A2F5B /* mv2_cpm_model_36000.mlmodel */,
				557F531220ED252100CFCCD7 /* AppDelegate.swift */,
				557F531420ED252100CFCCD7 /* JointViewController.swift */,
				55FEC38020FAB34200D3BFED /* PoseView.swift */,
				55AAFB1B21128863000B21A3 /* HeatmapViewController.swift */,
				55AAFB1D21128AB6000B21A3 /* HeatmapView.swift */,
				557F532420ED25AF00CFCCD7 /* VideoCapture.swift */,
				557F532520ED25AF00CFCCD7 /* Measure.swift */,
				557F531620ED252100CFCCD7 /* Main.storyboard */,
				557F531920ED252400CFCCD7 /* Assets.xcassets */,
				557F531B20ED252400CFCCD7 /* LaunchScreen.storyboard */,
				557F531E20ED252400CFCCD7 /* Info.plist */,
			);
			path = "PoseEstimation-CoreML";
			sourceTree = "<group>";
		};
/* End PBXGroup section */

/* Begin PBXNativeTarget section */
		557F530E20ED252100CFCCD7 /* PoseEstimation-CoreML */ = {
			isa = PBXNativeTarget;
			buildConfigurationList = 557F532120ED252400CFCCD7 /* Build configuration list for PBXNativeTarget "PoseEstimation-CoreML" */;
			buildPhases = (
				557F530B20ED252100CFCCD7 /* Sources */,
				557F530C20ED252100CFCCD7 /* Frameworks */,
				557F530D20ED252100CFCCD7 /* Resources */,
			);
			buildRules = (
			);
			dependencies = (
			);
			name = "PoseEstimation-CoreML";
			productName = "PoseEstimation-CoreML";
			productReference = 557F530F20ED252100CFCCD7 /* PoseEstimation-CoreML.app */;
			productType = "com.apple.product-type.application";
		};
/* End PBXNativeTarget section */

/* Begin PBXProject section */
		557F530720ED252100CFCCD7 /* Project object */ = {
			isa = PBXProject;
			attributes = {
				LastSwiftUpdateCheck = 0940;
				LastUpgradeCheck = 0940;
				ORGANIZATIONNAME = tucan9389;
				TargetAttributes = {
					557F530E20ED252100CFCCD7 = {
						CreatedOnToolsVersion = 9.4.1;
					};
				};
			};
			buildConfigurationList = 557F530A20ED252100CFCCD7 /* Build configuration list for PBXProject "PoseEstimation-CoreML" */;
			compatibilityVersion = "Xcode 9.3";
			developmentRegion = en;
			hasScannedForEncodings = 0;
			knownRegions = (
				en,
				Base,
			);
			mainGroup = 557F530620ED252100CFCCD7;
			productRefGroup = 557F531020ED252100CFCCD7 /* Products */;
			projectDirPath = "";
			projectRoot = "";
			targets = (
				557F530E20ED252100CFCCD7 /* PoseEstimation-CoreML */,
			);
		};
/* End PBXProject section */

/* Begin PBXResourcesBuildPhase section */
		557F530D20ED252100CFCCD7 /* Resources */ = {
			isa = PBXResourcesBuildPhase;
			buildActionMask = 2147483647;
			files = (
				557F531D20ED252400CFCCD7 /* LaunchScreen.storyboard in Resources */,
				557F531A20ED252400CFCCD7 /* Assets.xcassets in Resources */,
				557F531820ED252100CFCCD7 /* Main.storyboard in Resources */,
			);
			runOnlyForDeploymentPostprocessing = 0;
		};
/* End PBXResourcesBuildPhase section */

/* Begin PBXSourcesBuildPhase section */
		557F530B20ED252100CFCCD7 /* Sources */ = {
			isa = PBXSourcesBuildPhase;
			buildActionMask = 2147483647;
			files = (
				55AAFB1C21128863000B21A3 /* HeatmapViewController.swift in Sources */,
				557F532920ED25B000CFCCD7 /* model_cpm.mlmodel in Sources */,
				557F531520ED252100CFCCD7 /* JointViewController.swift in Sources */,
				55BF1DB321043B42008A2F5B /* mv2_cpm_model_24000.mlmodel in Sources */,
				55BF1DA921041C4E008A2F5B /* mv2_cpm_model_8000.mlmodel in Sources */,
				55BF1DB721049DA5008A2F5B /* mv2_cpm_model_36000.mlmodel in Sources */,
				55BF1DAF21042947008A2F5B /* mv2_cpm_model_8000_2.mlmodel in Sources */,
				55AAFB1E21128AB6000B21A3 /* HeatmapView.swift in Sources */,
				55360FE020F6F2DA002AFB6A /* hourglass.mlmodel in Sources */,
				55BF1DB5210469E8008A2F5B /* mv2_cpm_model_14000.mlmodel in Sources */,
				557F532720ED25B000CFCCD7 /* VideoCapture.swift in Sources */,
				557F532820ED25B000CFCCD7 /* Measure.swift in Sources */,
				55BF1DAB210425E3008A2F5B /* mv2_cpm_model_4000.mlmodel in Sources */,
				55FEC38120FAB34200D3BFED /* PoseView.swift in Sources */,
				55BF1DAD210427E4008A2F5B /* mv2_cpm_model_6000.mlmodel in Sources */,
				557F531320ED252100CFCCD7 /* AppDelegate.swift in Sources */,
			);
			runOnlyForDeploymentPostprocessing = 0;
		};
/* End PBXSourcesBuildPhase section */

/* Begin PBXVariantGroup section */
		557F531620ED252100CFCCD7 /* Main.storyboard */ = {
			isa = PBXVariantGroup;
			children = (
				557F531720ED252100CFCCD7 /* Base */,
			);
			name = Main.storyboard;
			sourceTree = "<group>";
		};
		557F531B20ED252400CFCCD7 /* LaunchScreen.storyboard */ = {
			isa = PBXVariantGroup;
			children = (
				557F531C20ED252400CFCCD7 /* Base */,
			);
			name = LaunchScreen.storyboard;
			sourceTree = "<group>";
		};
/* End PBXVariantGroup section */

/* Begin XCBuildConfiguration section */
		557F531F20ED252400CFCCD7 /* Debug */ = {
			isa = XCBuildConfiguration;
			buildSettings = {
				ALWAYS_SEARCH_USER_PATHS = NO;
				CLANG_ANALYZER_NONNULL = YES;
				CLANG_ANALYZER_NUMBER_OBJECT_CONVERSION = YES_AGGRESSIVE;
				CLANG_CXX_LANGUAGE_STANDARD = "gnu++14";
				CLANG_CXX_LIBRARY = "libc++";
				CLANG_ENABLE_MODULES = YES;
				CLANG_ENABLE_OBJC_ARC = YES;
				CLANG_ENABLE_OBJC_WEAK = YES;
				CLANG_WARN_BLOCK_CAPTURE_AUTORELEASING = YES;
				CLANG_WARN_BOOL_CONVERSION = YES;
				CLANG_WARN_COMMA = YES;
				CLANG_WARN_CONSTANT_CONVERSION = YES;
				CLANG_WARN_DEPRECATED_OBJC_IMPLEMENTATIONS = YES;
				CLANG_WARN_DIRECT_OBJC_ISA_USAGE = YES_ERROR;
				CLANG_WARN_DOCUMENTATION_COMMENTS = YES;
				CLANG_WARN_EMPTY_BODY = YES;
				CLANG_WARN_ENUM_CONVERSION = YES;
				CLANG_WARN_INFINITE_RECURSION = YES;
				CLANG_WARN_INT_CONVERSION = YES;
				CLANG_WARN_NON_LITERAL_NULL_CONVERSION = YES;
				CLANG_WARN_OBJC_IMPLICIT_RETAIN_SELF = YES;
				CLANG_WARN_OBJC_LITERAL_CONVERSION = YES;
				CLANG_WARN_OBJC_ROOT_CLASS = YES_ERROR;
				CLANG_WARN_RANGE_LOOP_ANALYSIS = YES;
				CLANG_WARN_STRICT_PROTOTYPES = YES;
				CLANG_WARN_SUSPICIOUS_MOVE = YES;
				CLANG_WARN_UNGUARDED_AVAILABILITY = YES_AGGRESSIVE;
				CLANG_WARN_UNREACHABLE_CODE = YES;
				CLANG_WARN__DUPLICATE_METHOD_MATCH = YES;
				CODE_SIGN_IDENTITY = "iPhone Developer";
				COPY_PHASE_STRIP = NO;
				DEBUG_INFORMATION_FORMAT = dwarf;
				ENABLE_STRICT_OBJC_MSGSEND = YES;
				ENABLE_TESTABILITY = YES;
				GCC_C_LANGUAGE_STANDARD = gnu11;
				GCC_DYNAMIC_NO_PIC = NO;
				GCC_NO_COMMON_BLOCKS = YES;
				GCC_OPTIMIZATION_LEVEL = 0;
				GCC_PREPROCESSOR_DEFINITIONS = (
					"DEBUG=1",
					"$(inherited)",
				);
				GCC_WARN_64_TO_32_BIT_CONVERSION = YES;
				GCC_WARN_ABOUT_RETURN_TYPE = YES_ERROR;
				GCC_WARN_UNDECLARED_SELECTOR = YES;
				GCC_WARN_UNINITIALIZED_AUTOS = YES_AGGRESSIVE;
				GCC_WARN_UNUSED_FUNCTION = YES;
				GCC_WARN_UNUSED_VARIABLE = YES;
				IPHONEOS_DEPLOYMENT_TARGET = 11.4;
				MTL_ENABLE_DEBUG_INFO = YES;
				ONLY_ACTIVE_ARCH = YES;
				SDKROOT = iphoneos;
				SWIFT_ACTIVE_COMPILATION_CONDITIONS = DEBUG;
				SWIFT_OPTIMIZATION_LEVEL = "-Onone";
			};
			name = Debug;
		};
		557F532020ED252400CFCCD7 /* Release */ = {
			isa = XCBuildConfiguration;
			buildSettings = {
				ALWAYS_SEARCH_USER_PATHS = NO;
				CLANG_ANALYZER_NONNULL = YES;
				CLANG_ANALYZER_NUMBER_OBJECT_CONVERSION = YES_AGGRESSIVE;
				CLANG_CXX_LANGUAGE_STANDARD = "gnu++14";
				CLANG_CXX_LIBRARY = "libc++";
				CLANG_ENABLE_MODULES = YES;
				CLANG_ENABLE_OBJC_ARC = YES;
				CLANG_ENABLE_OBJC_WEAK = YES;
				CLANG_WARN_BLOCK_CAPTURE_AUTORELEASING = YES;
				CLANG_WARN_BOOL_CONVERSION = YES;
				CLANG_WARN_COMMA = YES;
				CLANG_WARN_CONSTANT_CONVERSION = YES;
				CLANG_WARN_DEPRECATED_OBJC_IMPLEMENTATIONS = YES;
				CLANG_WARN_DIRECT_OBJC_ISA_USAGE = YES_ERROR;
				CLANG_WARN_DOCUMENTATION_COMMENTS = YES;
				CLANG_WARN_EMPTY_BODY = YES;
				CLANG_WARN_ENUM_CONVERSION = YES;
				CLANG_WARN_INFINITE_RECURSION = YES;
				CLANG_WARN_INT_CONVERSION = YES;
				CLANG_WARN_NON_LITERAL_NULL_CONVERSION = YES;
				CLANG_WARN_OBJC_IMPLICIT_RETAIN_SELF = YES;
				CLANG_WARN_OBJC_LITERAL_CONVERSION = YES;
				CLANG_WARN_OBJC_ROOT_CLASS = YES_ERROR;
				CLANG_WARN_RANGE_LOOP_ANALYSIS = YES;
				CLANG_WARN_STRICT_PROTOTYPES = YES;
				CLANG_WARN_SUSPICIOUS_MOVE = YES;
				CLANG_WARN_UNGUARDED_AVAILABILITY = YES_AGGRESSIVE;
				CLANG_WARN_UNREACHABLE_CODE = YES;
				CLANG_WARN__DUPLICATE_METHOD_MATCH = YES;
				CODE_SIGN_IDENTITY = "iPhone Developer";
				COPY_PHASE_STRIP = NO;
				DEBUG_INFORMATION_FORMAT = "dwarf-with-dsym";
				ENABLE_NS_ASSERTIONS = NO;
				ENABLE_STRICT_OBJC_MSGSEND = YES;
				GCC_C_LANGUAGE_STANDARD = gnu11;
				GCC_NO_COMMON_BLOCKS = YES;
				GCC_WARN_64_TO_32_BIT_CONVERSION = YES;
				GCC_WARN_ABOUT_RETURN_TYPE = YES_ERROR;
				GCC_WARN_UNDECLARED_SELECTOR = YES;
				GCC_WARN_UNINITIALIZED_AUTOS = YES_AGGRESSIVE;
				GCC_WARN_UNUSED_FUNCTION = YES;
				GCC_WARN_UNUSED_VARIABLE = YES;
				IPHONEOS_DEPLOYMENT_TARGET = 11.4;
				MTL_ENABLE_DEBUG_INFO = NO;
				SDKROOT = iphoneos;
				SWIFT_COMPILATION_MODE = wholemodule;
				SWIFT_OPTIMIZATION_LEVEL = "-O";
				VALIDATE_PRODUCT = YES;
			};
			name = Release;
		};
		557F532220ED252400CFCCD7 /* Debug */ = {
			isa = XCBuildConfiguration;
			buildSettings = {
				ASSETCATALOG_COMPILER_APPICON_NAME = AppIcon;
				CODE_SIGN_STYLE = Automatic;
				DEVELOPMENT_TEAM = 5WXJ4Z4H69;
				INFOPLIST_FILE = "PoseEstimation-CoreML/Info.plist";
				LD_RUNPATH_SEARCH_PATHS = (
					"$(inherited)",
					"@executable_path/Frameworks",
				);
				PRODUCT_BUNDLE_IDENTIFIER = "com.tucan9389.PoseEstimation-CoreML";
				PRODUCT_NAME = "$(TARGET_NAME)";
				SWIFT_VERSION = 4.0;
				TARGETED_DEVICE_FAMILY = "1,2";
			};
			name = Debug;
		};
		557F532320ED252400CFCCD7 /* Release */ = {
			isa = XCBuildConfiguration;
			buildSettings = {
				ASSETCATALOG_COMPILER_APPICON_NAME = AppIcon;
				CODE_SIGN_STYLE = Automatic;
				DEVELOPMENT_TEAM = 5WXJ4Z4H69;
				INFOPLIST_FILE = "PoseEstimation-CoreML/Info.plist";
				LD_RUNPATH_SEARCH_PATHS = (
					"$(inherited)",
					"@executable_path/Frameworks",
				);
				PRODUCT_BUNDLE_IDENTIFIER = "com.tucan9389.PoseEstimation-CoreML";
				PRODUCT_NAME = "$(TARGET_NAME)";
				SWIFT_VERSION = 4.0;
				TARGETED_DEVICE_FAMILY = "1,2";
			};
			name = Release;
		};
/* End XCBuildConfiguration section */

/* Begin XCConfigurationList section */
		557F530A20ED252100CFCCD7 /* Build configuration list for PBXProject "PoseEstimation-CoreML" */ = {
			isa = XCConfigurationList;
			buildConfigurations = (
				557F531F20ED252400CFCCD7 /* Debug */,
				557F532020ED252400CFCCD7 /* Release */,
			);
			defaultConfigurationIsVisible = 0;
			defaultConfigurationName = Release;
		};
		557F532120ED252400CFCCD7 /* Build configuration list for PBXNativeTarget "PoseEstimation-CoreML" */ = {
			isa = XCConfigurationList;
			buildConfigurations = (
				557F532220ED252400CFCCD7 /* Debug */,
				557F532320ED252400CFCCD7 /* Release */,
			);
			defaultConfigurationIsVisible = 0;
			defaultConfigurationName = Release;
		};
/* End XCConfigurationList section */
	};
	rootObject = 557F530720ED252100CFCCD7 /* Project object */;
}
